Microsoft Visual Studio Solution File, Format Version 12.00
# Visual Studio Version 17
VisualStudioVersion = 17.5.2.0
MinimumVisualStudioVersion = 10.0.40219.1
Project("{FAE04EC0-301F-11D3-BF4B-00C04F79EFBC}") = "CsJudgeApi", "CsJudgeApi.csproj", "{C7BEC90B-D4E4-1CF2-408C-09A90FFF2391}"
EndProject
Global
	GlobalSection(SolutionConfigurationPlatforms) = preSolution
		Debug|Any CPU = Debug|Any CPU
		Release|Any CPU = Release|Any CPU
	EndGlobalSection
	GlobalSection(ProjectConfigurationPlatforms) = postSolution
		{C7BEC90B-D4E4-1CF2-408C-09A90FFF2391}.Debug|Any CPU.ActiveCfg = Debug|Any CPU
		{C7BEC90B-D4E4-1CF2-408C-09A90FFF2391}.Debug|Any CPU.Build.0 = Debug|Any CPU
		{C7BEC90B-D4E4-1CF2-408C-09A90FFF2391}.Release|Any CPU.ActiveCfg = Release|Any CPU
		{C7BEC90B-D4E4-1CF2-408C-09A90FFF2391}.Release|Any CPU.Build.0 = Release|Any CPU
	EndGlobalSection
	GlobalSection(SolutionProperties) = preSolution
		HideSolutionNode = FALSE
	EndGlobalSection
	GlobalSection(ExtensibilityGlobals) = postSolution
		SolutionGuid = {8F609667-3A63-4511-A224-EDD5C0A3A99A}
	EndGlobalSection
EndGlobal
